{
  "name": "hcl2cdktf",
  "version": "0.1.2",
  "lockfileVersion": 1,
  "requires": true,
  "dependencies": {
    "commander": {
      "version": "6.0.0",
      "resolved": "https://registry.npmjs.org/commander/-/commander-6.0.0.tgz",
      "integrity": "sha512-s7EA+hDtTYNhuXkTlhqew4txMZVdszBmKWSPEMxGr8ru8JXR7bLUFIAtPhcSuFdJQ0ILMxnJi8GkQL0yvDy/YA=="
    },
    "js-hcl-parser": {
      "version": "1.0.1",
      "resolved": "https://registry.npmjs.org/js-hcl-parser/-/js-hcl-parser-1.0.1.tgz",
      "integrity": "sha512-fCs/gex31g5FYiXItz6UJBJpKnQoRE7+B3yVv6YqPKce9/k/a0QlJXjoicfvt8jGLy8CHKJ641RXe93xSZCM7A=="
    }
  }
}
